
Microsoft Visual Studio Solution File, Format Version 12.00
# Visual Studio 15
Project("{FAE04EC0-301F-11D3-BF4B-00C04F79EFBC}") = "Assembly-CSharp", "Assembly-CSharp.csproj", "{2643FD05-809E-9145-4563-B6E2358C0C01}"
EndProject
Project("{FAE04EC0-301F-11D3-BF4B-00C04F79EFBC}") = "Elringus.SpriteGlow.Runtime", "Elringus.SpriteGlow.Runtime.csproj", "{56AFE61C-BF97-4532-E40A-A8A70EEA01A8}"
EndProject
Project("{FAE04EC0-301F-11D3-BF4B-00C04F79EFBC}") = "Assembly-CSharp-Editor", "Assembly-CSharp-Editor.csproj", "{C897A082-034C-34D8-B06F-6072735E0A92}"
EndProject
Global
	GlobalSection(SolutionConfigurationPlatforms) = preSolution
		Debug|Any CPU = Debug|Any CPU
		Release|Any CPU = Release|Any CPU
	EndGlobalSection
	GlobalSection(ProjectConfigurationPlatforms) = postSolution
		{2643FD05-809E-9145-4563-B6E2358C0C01}.Debug|Any CPU.ActiveCfg = Debug|Any CPU
		{2643FD05-809E-9145-4563-B6E2358C0C01}.Debug|Any CPU.Build.0 = Debug|Any CPU
		{2643FD05-809E-9145-4563-B6E2358C0C01}.Release|Any CPU.ActiveCfg = Release|Any CPU
		{2643FD05-809E-9145-4563-B6E2358C0C01}.Release|Any CPU.Build.0 = Release|Any CPU
		{56AFE61C-BF97-4532-E40A-A8A70EEA01A8}.Debug|Any CPU.ActiveCfg = Debug|Any CPU
		{56AFE61C-BF97-4532-E40A-A8A70EEA01A8}.Debug|Any CPU.Build.0 = Debug|Any CPU
		{56AFE61C-BF97-4532-E40A-A8A70EEA01A8}.Release|Any CPU.ActiveCfg = Release|Any CPU
		{56AFE61C-BF97-4532-E40A-A8A70EEA01A8}.Release|Any CPU.Build.0 = Release|Any CPU
		{C897A082-034C-34D8-B06F-6072735E0A92}.Debug|Any CPU.ActiveCfg = Debug|Any CPU
		{C897A082-034C-34D8-B06F-6072735E0A92}.Debug|Any CPU.Build.0 = Debug|Any CPU
		{C897A082-034C-34D8-B06F-6072735E0A92}.Release|Any CPU.ActiveCfg = Release|Any CPU
		{C897A082-034C-34D8-B06F-6072735E0A92}.Release|Any CPU.Build.0 = Release|Any CPU
	EndGlobalSection
	GlobalSection(SolutionProperties) = preSolution
		HideSolutionNode = FALSE
	EndGlobalSection
EndGlobal
